--- 
+++ 
@@ -12,6 +12,7 @@
         "@expo/metro-runtime": "~4.0.1",
         "@expo/ngrok": "^4.1.3",
         "@expo/vector-icons": "^14.0.4",
+        "@react-native-async-storage/async-storage": "^2.1.2",
         "@react-native-community/datetimepicker": "^8.3.0",
         "@react-navigation/drawer": "^7.1.1",
         "@react-navigation/native": "^7.0.14",
@@ -4023,6 +4024,18 @@
         "react": "^16.8 || ^17.0 || ^18.0"
       }
     },
+    "node_modules/@react-native-async-storage/async-storage": {
+      "version": "2.1.2",
+      "resolved": "https://registry.npmjs.org/@react-native-async-storage/async-storage/-/async-storage-2.1.2.tgz",
+      "integrity": "sha512-dvlNq4AlGWC+ehtH12p65+17V0Dx7IecOWl6WanF2ja38O1Dcjjvn7jVzkUHJ5oWkQBlyASurTPlTHgKXyYiow==",
+      "license": "MIT",
+      "dependencies": {
+        "merge-options": "^3.0.4"
+      },
+      "peerDependencies": {
+        "react-native": "^0.0.0-0 || >=0.65 <1.0"
+      }
+    },
     "node_modules/@react-native-community/datetimepicker": {
       "version": "8.3.0",
       "resolved": "https://registry.npmjs.org/@react-native-community/datetimepicker/-/datetimepicker-8.3.0.tgz",
@@ -10412,6 +10425,15 @@
         "node": ">=8"
       }
     },
+    "node_modules/is-plain-obj": {
+      "version": "2.1.0",
+      "resolved": "https://registry.npmjs.org/is-plain-obj/-/is-plain-obj-2.1.0.tgz",
+      "integrity": "sha512-YWnfyRwxL/+SsrWYfOpUtz5b3YD+nyfkHvjbcanzk8zgyO4ASD67uVMRt8k5bM4lLMDnXfriRhOpemw+NfT1eA==",
+      "license": "MIT",
+      "engines": {
+        "node": ">=8"
+      }
+    },
     "node_modules/is-plain-object": {
       "version": "2.0.4",
       "resolved": "https://registry.npmjs.org/is-plain-object/-/is-plain-object-2.0.4.tgz",
@@ -11562,6 +11584,18 @@
       "resolved": "https://registry.npmjs.org/memoize-one/-/memoize-one-5.2.1.tgz",
       "integrity": "sha512-zYiwtZUcYyXKo/np96AGZAckk+FWWsUdJ3cHGGmld7+AhvcWmQyGCYUh1hc4Q/pkOhb65dQR/pqCyK0cOaHz4Q==",
       "license": "MIT"
+    },
+    "node_modules/merge-options": {
+      "version": "3.0.4",
+      "resolved": "https://registry.npmjs.org/merge-options/-/merge-options-3.0.4.tgz",
+      "integrity": "sha512-2Sug1+knBjkaMsMgf1ctR1Ujx+Ayku4EdJN4Z+C2+JzoeF7A3OZ9KM2GY0CpQS51NR61LTurMJrRKPhSs3ZRTQ==",
+      "license": "MIT",
+      "dependencies": {
+        "is-plain-obj": "^2.1.0"
+      },
+      "engines": {
+        "node": ">=10"
+      }
     },
     "node_modules/merge-stream": {
       "version": "2.0.0",
